PODS:
  - Flutter (1.0.0)
  - native_haptics_and_audio (1.0.2):
    - Flutter

DEPENDENCIES:
  - Flutter (from `Flutter`)
  - native_haptics_and_audio (from `.symlinks/plugins/native_haptics_and_audio/ios`)

EXTERNAL SOURCES:
  Flutter:
    :path: Flutter
  native_haptics_and_audio:
    :path: ".symlinks/plugins/native_haptics_and_audio/ios"

SPEC CHECKSUMS:
  Flutter: cabc95a1d2626b1b06e7179b784ebcf0c0cde467
  native_haptics_and_audio: f533fa0f8ac2a2d97f6a6db40074f0b2f54c53d0

PODFILE CHECKSUM: 3c63482e143d1b91d2d2560aee9fb04ecc74ac7e

COCOAPODS: 1.16.2
